hash: fc851c5dddee49a7128210303c3afe5b392df02777980ba4ee045759da91c6df
updated: 2017-12-26T23:59:38.887185+02:00
imports:
- name: github.com/incu6us/barkup
  version: 45e65bed4a510fadc3405a8f0985cf0f1958b489
- name: gopkg.in/amz.v3
  version: 8c3190dff075bf5442c9eedbf8f8ed6144a099e7
  subpackages:
  - aws
  - s3
testImports: []
